
Microsoft Visual Studio Solution File, Format Version 12.00
Project("{FAE04EC0-301F-11D3-BF4B-00C04F79EFBC}") = "Speedway.PipelineBuilderApi", "src\Speedway.PipelineBuilderApi\Speedway.PipelineBuilderApi.csproj", "{67F7B8D4-D7A2-4BEF-BCB6-5CA1D3858032}"
EndProject
Project("{FAE04EC0-301F-11D3-BF4B-00C04F79EFBC}") = "Speedway.Cli", "src\Speedway.Cli\Speedway.Cli.csproj", "{391CFF6E-C06C-4EB2-B362-AF317CA1D69F}"
EndProject
Project("{FAE04EC0-301F-11D3-BF4B-00C04F79EFBC}") = "Speedway.Deploy", "src\Speedway.Deploy\Speedway.Deploy.csproj", "{7D4129CC-7EC1-4EDA-96F7-55461DCEBCFE}"
EndProject
Project("{FAE04EC0-301F-11D3-BF4B-00C04F79EFBC}") = "Speedway.Api.Extensions", "src\Speedway.Api.Extensions\Speedway.Api.Extensions.csproj", "{03301FB9-FF72-4C7C-B929-4297C6A8C153}"
EndProject
Project("{2150E333-8FDC-42A3-9474-1A3956D46DE8}") = "Apis", "Apis", "{C4890390-FAD5-4431-86C6-C862445ECBFE}"
EndProject
Project("{2150E333-8FDC-42A3-9474-1A3956D46DE8}") = "Cli", "Cli", "{72BE456E-8E66-42F1-93CA-ED284EB02C74}"
EndProject
Project("{2150E333-8FDC-42A3-9474-1A3956D46DE8}") = "Shared", "Shared", "{13088C73-CC7A-422C-8FF9-BA6D1E9FD40F}"
EndProject
Project("{FAE04EC0-301F-11D3-BF4B-00C04F79EFBC}") = "Speedway.Policy", "src\Speedway.Policy\Speedway.Policy.csproj", "{975A2537-3E3C-4130-92E0-4029F0D54B4E}"
EndProject
Project("{FAE04EC0-301F-11D3-BF4B-00C04F79EFBC}") = "Speedway.Deploy.Core", "src\Speedway.Deploy.Core\Speedway.Deploy.Core.csproj", "{A8B404A5-D3DF-49CF-BC44-1FEEE8AC7E3C}"
EndProject
Project("{FAE04EC0-301F-11D3-BF4B-00C04F79EFBC}") = "Speedway.AzureSdk.Extensions", "src\Speedway.AzureSdk.Extensions\Speedway.AzureSdk.Extensions.csproj", "{2DBAB0DB-B22E-47F0-88B4-66C89DB915C4}"
EndProject
Project("{FAE04EC0-301F-11D3-BF4B-00C04F79EFBC}") = "Speedway.Bootstrap", "src\Speedway.Bootstrap\Speedway.Bootstrap.csproj", "{D43BB7BC-338D-482A-A4BC-FB2B838FBD9C}"
EndProject
Project("{FAE04EC0-301F-11D3-BF4B-00C04F79EFBC}") = "Speedway.Core", "src\Speedway.Core\Speedway.Core.csproj", "{96D8CDDF-4257-4BCB-92F3-21C8F709DE55}"
EndProject
Project("{2150E333-8FDC-42A3-9474-1A3956D46DE8}") = "Providers", "Providers", "{9A6143C3-5306-44C9-BB55-FF08D87C9F8F}"
EndProject
Project("{FAE04EC0-301F-11D3-BF4B-00C04F79EFBC}") = "Speedway.Deploy.Provider.AzureAppService", "src\Providers\Speedway.Deploy.Provider.AzureAppService\Speedway.Deploy.Provider.AzureAppService.csproj", "{368D05D2-C394-4C77-B3F5-4E6C771B9496}"
EndProject
Project("{2150E333-8FDC-42A3-9474-1A3956D46DE8}") = "Templates", "Templates", "{9627D851-7D03-4D3A-8916-E7168310EFBE}"
ProjectSection(SolutionItems) = preProject
	master-template.yml = master-template.yml
EndProjectSection
EndProject
Global
	GlobalSection(SolutionConfigurationPlatforms) = preSolution
		Debug|Any CPU = Debug|Any CPU
		Release|Any CPU = Release|Any CPU
	EndGlobalSection
	GlobalSection(ProjectConfigurationPlatforms) = postSolution
		{67F7B8D4-D7A2-4BEF-BCB6-5CA1D3858032}.Debug|Any CPU.ActiveCfg = Debug|Any CPU
		{67F7B8D4-D7A2-4BEF-BCB6-5CA1D3858032}.Debug|Any CPU.Build.0 = Debug|Any CPU
		{67F7B8D4-D7A2-4BEF-BCB6-5CA1D3858032}.Release|Any CPU.ActiveCfg = Release|Any CPU
		{67F7B8D4-D7A2-4BEF-BCB6-5CA1D3858032}.Release|Any CPU.Build.0 = Release|Any CPU
		{391CFF6E-C06C-4EB2-B362-AF317CA1D69F}.Debug|Any CPU.ActiveCfg = Debug|Any CPU
		{391CFF6E-C06C-4EB2-B362-AF317CA1D69F}.Debug|Any CPU.Build.0 = Debug|Any CPU
		{391CFF6E-C06C-4EB2-B362-AF317CA1D69F}.Release|Any CPU.ActiveCfg = Release|Any CPU
		{391CFF6E-C06C-4EB2-B362-AF317CA1D69F}.Release|Any CPU.Build.0 = Release|Any CPU
		{7D4129CC-7EC1-4EDA-96F7-55461DCEBCFE}.Debug|Any CPU.ActiveCfg = Debug|Any CPU
		{7D4129CC-7EC1-4EDA-96F7-55461DCEBCFE}.Debug|Any CPU.Build.0 = Debug|Any CPU
		{7D4129CC-7EC1-4EDA-96F7-55461DCEBCFE}.Release|Any CPU.ActiveCfg = Release|Any CPU
		{7D4129CC-7EC1-4EDA-96F7-55461DCEBCFE}.Release|Any CPU.Build.0 = Release|Any CPU
		{03301FB9-FF72-4C7C-B929-4297C6A8C153}.Debug|Any CPU.ActiveCfg = Debug|Any CPU
		{03301FB9-FF72-4C7C-B929-4297C6A8C153}.Debug|Any CPU.Build.0 = Debug|Any CPU
		{03301FB9-FF72-4C7C-B929-4297C6A8C153}.Release|Any CPU.ActiveCfg = Release|Any CPU
		{03301FB9-FF72-4C7C-B929-4297C6A8C153}.Release|Any CPU.Build.0 = Release|Any CPU
		{975A2537-3E3C-4130-92E0-4029F0D54B4E}.Debug|Any CPU.ActiveCfg = Debug|Any CPU
		{975A2537-3E3C-4130-92E0-4029F0D54B4E}.Debug|Any CPU.Build.0 = Debug|Any CPU
		{975A2537-3E3C-4130-92E0-4029F0D54B4E}.Release|Any CPU.ActiveCfg = Release|Any CPU
		{975A2537-3E3C-4130-92E0-4029F0D54B4E}.Release|Any CPU.Build.0 = Release|Any CPU
		{A8B404A5-D3DF-49CF-BC44-1FEEE8AC7E3C}.Debug|Any CPU.ActiveCfg = Debug|Any CPU
		{A8B404A5-D3DF-49CF-BC44-1FEEE8AC7E3C}.Debug|Any CPU.Build.0 = Debug|Any CPU
		{A8B404A5-D3DF-49CF-BC44-1FEEE8AC7E3C}.Release|Any CPU.ActiveCfg = Release|Any CPU
		{A8B404A5-D3DF-49CF-BC44-1FEEE8AC7E3C}.Release|Any CPU.Build.0 = Release|Any CPU
		{2DBAB0DB-B22E-47F0-88B4-66C89DB915C4}.Debug|Any CPU.ActiveCfg = Debug|Any CPU
		{2DBAB0DB-B22E-47F0-88B4-66C89DB915C4}.Debug|Any CPU.Build.0 = Debug|Any CPU
		{2DBAB0DB-B22E-47F0-88B4-66C89DB915C4}.Release|Any CPU.ActiveCfg = Release|Any CPU
		{2DBAB0DB-B22E-47F0-88B4-66C89DB915C4}.Release|Any CPU.Build.0 = Release|Any CPU
		{D43BB7BC-338D-482A-A4BC-FB2B838FBD9C}.Debug|Any CPU.ActiveCfg = Debug|Any CPU
		{D43BB7BC-338D-482A-A4BC-FB2B838FBD9C}.Debug|Any CPU.Build.0 = Debug|Any CPU
		{D43BB7BC-338D-482A-A4BC-FB2B838FBD9C}.Release|Any CPU.ActiveCfg = Release|Any CPU
		{D43BB7BC-338D-482A-A4BC-FB2B838FBD9C}.Release|Any CPU.Build.0 = Release|Any CPU
		{96D8CDDF-4257-4BCB-92F3-21C8F709DE55}.Debug|Any CPU.ActiveCfg = Debug|Any CPU
		{96D8CDDF-4257-4BCB-92F3-21C8F709DE55}.Debug|Any CPU.Build.0 = Debug|Any CPU
		{96D8CDDF-4257-4BCB-92F3-21C8F709DE55}.Release|Any CPU.ActiveCfg = Release|Any CPU
		{96D8CDDF-4257-4BCB-92F3-21C8F709DE55}.Release|Any CPU.Build.0 = Release|Any CPU
		{368D05D2-C394-4C77-B3F5-4E6C771B9496}.Debug|Any CPU.ActiveCfg = Debug|Any CPU
		{368D05D2-C394-4C77-B3F5-4E6C771B9496}.Debug|Any CPU.Build.0 = Debug|Any CPU
		{368D05D2-C394-4C77-B3F5-4E6C771B9496}.Release|Any CPU.ActiveCfg = Release|Any CPU
		{368D05D2-C394-4C77-B3F5-4E6C771B9496}.Release|Any CPU.Build.0 = Release|Any CPU
	EndGlobalSection
	GlobalSection(NestedProjects) = preSolution
		{67F7B8D4-D7A2-4BEF-BCB6-5CA1D3858032} = {C4890390-FAD5-4431-86C6-C862445ECBFE}
		{7D4129CC-7EC1-4EDA-96F7-55461DCEBCFE} = {C4890390-FAD5-4431-86C6-C862445ECBFE}
		{391CFF6E-C06C-4EB2-B362-AF317CA1D69F} = {72BE456E-8E66-42F1-93CA-ED284EB02C74}
		{03301FB9-FF72-4C7C-B929-4297C6A8C153} = {13088C73-CC7A-422C-8FF9-BA6D1E9FD40F}
		{975A2537-3E3C-4130-92E0-4029F0D54B4E} = {C4890390-FAD5-4431-86C6-C862445ECBFE}
		{A8B404A5-D3DF-49CF-BC44-1FEEE8AC7E3C} = {13088C73-CC7A-422C-8FF9-BA6D1E9FD40F}
		{2DBAB0DB-B22E-47F0-88B4-66C89DB915C4} = {13088C73-CC7A-422C-8FF9-BA6D1E9FD40F}
		{D43BB7BC-338D-482A-A4BC-FB2B838FBD9C} = {72BE456E-8E66-42F1-93CA-ED284EB02C74}
		{96D8CDDF-4257-4BCB-92F3-21C8F709DE55} = {13088C73-CC7A-422C-8FF9-BA6D1E9FD40F}
		{9A6143C3-5306-44C9-BB55-FF08D87C9F8F} = {13088C73-CC7A-422C-8FF9-BA6D1E9FD40F}
		{368D05D2-C394-4C77-B3F5-4E6C771B9496} = {9A6143C3-5306-44C9-BB55-FF08D87C9F8F}
	EndGlobalSection
EndGlobal
